speakeasyVersion: 1.770.0
sources:
    my-source:
        sourceNamespace: my-source
        sourceRevisionDigest: sha256:0f91ebfb9d754eff5dc742b23c76f28207ffd67e6aec3e5713c343ad6781f22c
        sourceBlobDigest: sha256:289baef68db829be9ab3b7d551c2c8f06c9adf872c08c55eb3d4fb8cc570d555
        tags:
            - latest
            - main
    stacks-source:
        sourceNamespace: stacks-source
        sourceRevisionDigest: sha256:e21e54e7818b64f5bd5b04dc7d0f16434b7d6cd22ec399eab0b8b4353ca72c21
        sourceBlobDigest: sha256:bab4ef7cb2db033bdbfea628f9fa8831eea64b2990bdc91e35552809d3497e9b
        tags:
            - latest
targets:
    formance-sdk-php:
        source: stacks-source
        sourceNamespace: stacks-source
        sourceRevisionDigest: sha256:e21e54e7818b64f5bd5b04dc7d0f16434b7d6cd22ec399eab0b8b4353ca72c21
        sourceBlobDigest: sha256:bab4ef7cb2db033bdbfea628f9fa8831eea64b2990bdc91e35552809d3497e9b
        codeSamplesNamespace: stacks-source-php-code-samples
        codeSamplesRevisionDigest: sha256:71037bb7671f39b81a205ae07769a91ff9365512efd84ceebb4b505b84119602
workflow:
    workflowVersion: 1.0.0
    speakeasyVersion: 1.770.0
    sources:
        stacks-source:
            inputs:
                - location: registry.speakeasyapi.dev/formance/formance/stacks-source@LATEST_RELEASE
            registry:
                location: registry.speakeasyapi.dev/formance/formance/stacks-source
    targets:
        formance-sdk-php:
            target: php
            source: stacks-source
            publish:
                packagist:
                    username: $PACKAGIST_USERNAME
                    token: $PACKAGIST_TOKEN
            codeSamples:
                registry:
                    location: registry.speakeasyapi.dev/formance/formance/stacks-source-php-code-samples
                labelOverride:
                    fixedValue: Php (SDK)
                blocking: false
