speakeasyVersion: 1.565.0
sources:
    my-source:
        sourceNamespace: my-source
        sourceRevisionDigest: sha256:0f91ebfb9d754eff5dc742b23c76f28207ffd67e6aec3e5713c343ad6781f22c
        sourceBlobDigest: sha256:289baef68db829be9ab3b7d551c2c8f06c9adf872c08c55eb3d4fb8cc570d555
        tags:
            - latest
            - main
    stacks-source:
        sourceNamespace: stacks-source
        sourceRevisionDigest: sha256:8fbad8b5c23a2fe3e93b217eb53ad7553bfe65258b1290561f6dd032902cdd43
        sourceBlobDigest: sha256:675ba84c245ed56b7b1b5b2bd89af6529a8c9018f62f9f329f41d53ce0eb1049
        tags:
            - latest
            - speakeasy-sdk-regen-1750254460
            - v3.0.5
targets:
    formance-sdk-php:
        source: stacks-source
        sourceNamespace: stacks-source
        sourceRevisionDigest: sha256:8fbad8b5c23a2fe3e93b217eb53ad7553bfe65258b1290561f6dd032902cdd43
        sourceBlobDigest: sha256:675ba84c245ed56b7b1b5b2bd89af6529a8c9018f62f9f329f41d53ce0eb1049
        codeSamplesNamespace: stacks-source-php-code-samples
        codeSamplesRevisionDigest: sha256:a83bbc634c73bb1ad00b49c79f1ab227713dae945aea00e9814b5cc90fddba1f
workflow:
    workflowVersion: 1.0.0
    speakeasyVersion: latest
    sources:
        stacks-source:
            inputs:
                - location: https://github.com/formancehq/stack/releases/download/v3.0.5/generate.json
            registry:
                location: registry.speakeasyapi.dev/formance/formance/stacks-source
    targets:
        formance-sdk-php:
            target: php
            source: stacks-source
            publish:
                packagist:
                    username: $PACKAGIST_USERNAME
                    token: $PACKAGIST_TOKEN
            codeSamples:
                registry:
                    location: registry.speakeasyapi.dev/formance/formance/stacks-source-php-code-samples
                labelOverride:
                    fixedValue: Php (SDK)
                blocking: false
