speakeasyVersion: 1.770.0
sources:
    my-source:
        sourceNamespace: my-source
        sourceRevisionDigest: sha256:0f91ebfb9d754eff5dc742b23c76f28207ffd67e6aec3e5713c343ad6781f22c
        sourceBlobDigest: sha256:289baef68db829be9ab3b7d551c2c8f06c9adf872c08c55eb3d4fb8cc570d555
        tags:
            - latest
            - main
    stacks-source:
        sourceNamespace: stacks-source
        sourceRevisionDigest: sha256:4762702223dc48cb4db66a1e7269e0393bedf4c45e094ee0b8b53f6506968f63
        sourceBlobDigest: sha256:c736de177829b3ccb62d8f5bbcb9ca198618a14d29439958819066d27b48fb83
        tags:
            - latest
targets:
    formance-sdk-php:
        source: stacks-source
        sourceNamespace: stacks-source
        sourceRevisionDigest: sha256:4762702223dc48cb4db66a1e7269e0393bedf4c45e094ee0b8b53f6506968f63
        sourceBlobDigest: sha256:c736de177829b3ccb62d8f5bbcb9ca198618a14d29439958819066d27b48fb83
        codeSamplesNamespace: stacks-source-php-code-samples
        codeSamplesRevisionDigest: sha256:03e9969a98b9952acab2ff64ad14602f2ac9d428c1d5bb33f88148680437f440
workflow:
    workflowVersion: 1.0.0
    speakeasyVersion: 1.770.0
    sources:
        stacks-source:
            inputs:
                - location: registry.speakeasyapi.dev/formance/formance/stacks-source@LATEST_RELEASE
            registry:
                location: registry.speakeasyapi.dev/formance/formance/stacks-source
    targets:
        formance-sdk-php:
            target: php
            source: stacks-source
            publish:
                packagist:
                    username: $PACKAGIST_USERNAME
                    token: $PACKAGIST_TOKEN
            codeSamples:
                registry:
                    location: registry.speakeasyapi.dev/formance/formance/stacks-source-php-code-samples
                labelOverride:
                    fixedValue: Php (SDK)
                blocking: false
